
Microsoft Visual Studio Solution File, Format Version 12.00
# Visual Studio Version 17
VisualStudioVersion = 17.8.34316.72
MinimumVisualStudioVersion = 10.0.40219.1
Project("{FAE04EC0-301F-11D3-BF4B-00C04F79EFBC}") = "Park3IL_Mobile", "Park3IL_Mobile.csproj", "{CAECA339-E6E5-4920-BABE-A734FD8E33BF}"
EndProject
Global
	GlobalSection(SolutionConfigurationPlatforms) = preSolution
		Debug|Any CPU = Debug|Any CPU
		Release|Any CPU = Release|Any CPU
	EndGlobalSection
	GlobalSection(ProjectConfigurationPlatforms) = postSolution
		{CAECA339-E6E5-4920-BABE-A734FD8E33BF}.Debug|Any CPU.ActiveCfg = Debug|Any CPU
		{CAECA339-E6E5-4920-BABE-A734FD8E33BF}.Debug|Any CPU.Build.0 = Debug|Any CPU
		{CAECA339-E6E5-4920-BABE-A734FD8E33BF}.Debug|Any CPU.Deploy.0 = Debug|Any CPU
		{CAECA339-E6E5-4920-BABE-A734FD8E33BF}.Release|Any CPU.ActiveCfg = Release|Any CPU
		{CAECA339-E6E5-4920-BABE-A734FD8E33BF}.Release|Any CPU.Build.0 = Release|Any CPU
		{CAECA339-E6E5-4920-BABE-A734FD8E33BF}.Release|Any CPU.Deploy.0 = Release|Any CPU
	EndGlobalSection
	GlobalSection(SolutionProperties) = preSolution
		HideSolutionNode = FALSE
	EndGlobalSection
	GlobalSection(ExtensibilityGlobals) = postSolution
		SolutionGuid = {B2F2EA1A-9EED-4EB4-9C63-9FB472130A03}
	EndGlobalSection
EndGlobal
